version = 1
revision = 1
requires-python = ">=3.11"

[[package]]
name = "colorama"
version = "0.4.6"
source = { registry = "https://pypi.org/simple" }
sdist = { url = "https://files.pythonhosted.org/packages/d8/53/6f443c9a4a8358a93a6792e2acffb9d9d5cb0a5cfd8802644b7b1c9a02e4/colorama-0.4.6.tar.gz", hash = "sha256:08695f5cb7ed6e0531a20572697297273c47b8cae5a63ffc6d6ed5c201be6e44", size = 27697 }
wheels = [
    { url = "https://files.pythonhosted.org/packages/d1/d6/3965ed04c63042e047cb6a3e6ed1a63a35087b6a609aa3a15ed8ac56c221/colorama-0.4.6-py2.py3-none-any.whl", hash = "sha256:4f1d9991f5acc0ca119f9d443620b77f9d6b33703e51011c16baf57afb285fc6", size = 25335 },
]

[[package]]
name = "flake8"
version = "7.3.0"
source = { registry = "https://pypi.org/simple" }
dependencies = [
    { name = "mccabe" },
    { name = "pycodestyle" },
    { name = "pyflakes" },
]
sdist = { url = "https://files.pythonhosted.org/packages/9b/af/fbfe3c4b5a657d79e5c47a2827a362f9e1b763336a52f926126aa6dc7123/flake8-7.3.0.tar.gz", hash = "sha256:fe044858146b9fc69b551a4b490d69cf960fcb78ad1edcb84e7fbb1b4a8e3872", size = 48326 }
wheels = [
    { url = "https://files.pythonhosted.org/packages/9f/56/13ab06b4f93ca7cac71078fbe37fcea175d3216f31f85c3168a6bbd0bb9a/flake8-7.3.0-py2.py3-none-any.whl", hash = "sha256:b9696257b9ce8beb888cdbe31cf885c90d31928fe202be0889a7cdafad32f01e", size = 57922 },
]

[[package]]
name = "gtfs-daytype"
version = "0.1.0"
source = { editable = "." }
dependencies = [
    { name = "h3" },
]

[package.optional-dependencies]
dev = [
    { name = "flake8" },
    { name = "isort" },
    { name = "pydocstyle" },
    { name = "pytest" },
]

[package.metadata]
requires-dist = [
    { name = "flake8", marker = "extra == 'dev'", specifier = ">=7.0.0" },
    { name = "h3", specifier = ">=4.0.0" },
    { name = "isort", marker = "extra == 'dev'", specifier = ">=5.13.0" },
    { name = "pydocstyle", marker = "extra == 'dev'", specifier = ">=6.3.0" },
    { name = "pytest", marker = "extra == 'dev'", specifier = ">=8.0.0" },
]
provides-extras = ["dev"]

[[package]]
name = "h3"
version = "4.4.2"
source = { registry = "https://pypi.org/simple" }
sdist = { url = "https://files.pythonhosted.org/packages/0a/8e/ebe086a820bbe02a932db9cbff9c1730cba9a6e9a0a140d4a2ed0ce7508a/h3-4.4.2.tar.gz", hash = "sha256:b25ab9f339e40b10dcb5e2e6988d07672e780a4950d79c25380d308cdf14f82f", size = 171891 }
wheels = [
    { url = "https://files.pythonhosted.org/packages/0f/ab/1dc3c41dc14ad9b12f640a7694ea4a5bd1b6cb5e8f2c649aae4b201906bc/h3-4.4.2-cp311-cp311-macosx_11_0_arm64.whl", hash = "sha256:9f3b06d2403f591aaaef96499726ced99aff560c0951e354d5c2133c43873c74", size = 822384 },
    { url = "https://files.pythonhosted.org/packages/62/c0/76321499a3b16a486240d904922cebd29d2c803224e0fe0524cf258ebac4/h3-4.4.2-cp311-cp311-manylinux2014_aarch64.manylinux_2_17_aarch64.manylinux_2_28_aarch64.whl", hash = "sha256:28e857c8a3f8183d30e1860d997fc1c0f1f40242baba55e026bbb88623791eac", size = 992905 },
    { url = "https://files.pythonhosted.org/packages/21/22/2692520c17cf888d3c682e3ee0e45c00666e5f6eea9bb5674d1a4a50eb52/h3-4.4.2-cp311-cp311-manylinux2014_x86_64.manylinux_2_17_x86_64.manylinux_2_28_x86_64.whl", hash = "sha256:17b9230ca5ef70ffed23ccc6ed8fe30300b5146ad1f77ec0a5d7b2e1bfd84dcf", size = 1029650 },
    { url = "https://files.pythonhosted.org/packages/5f/a3/83820d87e60bf47ca8d5c3dccd3bdcd308c3efc604860143caea53ef50bb/h3-4.4.2-cp311-cp311-musllinux_1_2_x86_64.whl", hash = "sha256:5ba03b202233e1bdedf52608e0ff30dd4ca52cc1b3c0fd8847a914368a1ab846", size = 1041686 },
    { url = "https://files.pythonhosted.org/packages/2a/6a/20168b6d574e38aa9e3c9ad8d8f2d098f74dbe1d6610e4391196ca7504b7/h3-4.4.2-cp311-cp311-win_amd64.whl", hash = "sha256:8cebe93fc477620354bde6e8a8c745f3a0b6996df78225a11e82902bc70b5061", size = 796339 },
    { url = "https://files.pythonhosted.org/packages/b2/96/60b6bf344b1960dda78a877dbd08a67963ce362a84672b9869058e962f67/h3-4.4.2-cp311-cp311-win_arm64.whl", hash = "sha256:57e0af15a694ad03f620800232bb545173ccb25ae8c9112144a1eed5b3811fd7", size = 699749 },
    { url = "https://files.pythonhosted.org/packages/05/8a/a4d2d7b0b750d558542999f19d188a22333eb6e4db89d9938feeca8534a7/h3-4.4.2-cp312-cp312-macosx_11_0_arm64.whl", hash = "sha256:0f79e9ee215e6896dae41c93ebf95b3fc594818feecbcecf7833e1f8b9c892b7", size = 822106 },
    { url = "https://files.pythonhosted.org/packages/8d/ae/6ef2c13d2267c04ba32e056dfda2d93265ceca51ba16a36a53084c56e157/h3-4.4.2-cp312-cp312-manylinux2014_aarch64.manylinux_2_17_aarch64.manylinux_2_28_aarch64.whl", hash = "sha256:03b423232cafe89b4b06c2f8c636a7c04efecf6cc0f539e4eaa6301a9b21fd46", size = 974881 },
    { url = "https://files.pythonhosted.org/packages/24/2c/b135f8ea5fb89f9cc0e0084cb8ff0885d5df1c0b7117f2b71400fe54f51f/h3-4.4.2-cp312-cp312-manylinux2014_x86_64.manylinux_2_17_x86_64.manylinux_2_28_x86_64.whl", hash = "sha256:0947c86532005870eb5565bda80270dc37029f34ffa4903e5f353ce5d4acab41", size = 1019313 },
    { url = "https://files.pythonhosted.org/packages/9d/ea/7aa732f2c8b4bdabe3c5ab36a58149963fd1bf1d556e976a3fbea35def2d/h3-4.4.2-cp312-cp312-musllinux_1_2_x86_64.whl", hash = "sha256:06267484978c7df7d8e675dfab660967387f9ef154c7452ae38b578d80641445", size = 1030677 },
    { url = "https://files.pythonhosted.org/packages/f8/86/b92030c634572b9f5e93a3fa626c68576e4a12e6a99e5117f85cc7b7fbd9/h3-4.4.2-cp312-cp312-win_amd64.whl", hash = "sha256:8d612b6dc0ccca41fe4bdcfe3b59915c9455aa791db031b49f05d48f243fcc05", size = 787290 },
    { url = "https://files.pythonhosted.org/packages/ab/06/895d6489052e50a0eb292507a93f53763bf711a27451312ea2149622f811/h3-4.4.2-cp312-cp312-win_arm64.whl", hash = "sha256:6f1e76252ed43fd58f92fbf29d4d0d0aa9af26b97c31d2ea0a6d38f074f89e78", size = 704310 },
    { url = "https://files.pythonhosted.org/packages/1c/8c/52a6d8fea33fa0f32a2eb84f1e96eea6efd6f8f8c5119797f555dcee8417/h3-4.4.2-cp313-cp313-macosx_11_0_arm64.whl", hash = "sha256:76dbf27b8bdf0d21275ad5f16206385208c11e6f1b96d5a88c9df974ff6b8fe5", size = 817555 },
    { url = "https://files.pythonhosted.org/packages/a6/df/44a1c9807d3635edc2b996a9161d991b77935d2f14a740296c28ee675b19/h3-4.4.2-cp313-cp313-manylinux2014_aarch64.manylinux_2_17_aarch64.manylinux_2_28_aarch64.whl", hash = "sha256:9b61e8d5cafd39434c036a905d34729e99c3ebede591a92e8532840cad41d51f", size = 971465 },
    { url = "https://files.pythonhosted.org/packages/45/a6/9cac4b5ea1dad5767a1b6dcc2eb8255a5bc5ec2c968e558484fcde328304/h3-4.4.2-cp313-cp313-manylinux2014_x86_64.manylinux_2_17_x86_64.manylinux_2_28_x86_64.whl", hash = "sha256:e243abf0f738d7ef5683ee52e3dd1ab0abebe9c38d05d485b5aff7cec97be3e9", size = 1014979 },
    { url = "https://files.pythonhosted.org/packages/14/fb/8371d46fc3979b9e40ab7ea8636ebc54267982a27936704c98e2f975067a/h3-4.4.2-cp313-cp313-musllinux_1_2_x86_64.whl", hash = "sha256:bc0059c73dabf82d9be29f524d1bd8cb670b903406d11d02e5826acd8b2f887c", size = 1026394 },
    { url = "https://files.pythonhosted.org/packages/82/a7/283e814577d80a6de11f8ef352501cbce7402308a2de20a282eefa9c1fce/h3-4.4.2-cp313-cp313-win_amd64.whl", hash = "sha256:1ddff977c69afca3bd37af0c97a942ab35d5a98830af2ba9b7450ee0365d5852", size = 784314 },
    { url = "https://files.pythonhosted.org/packages/71/0a/b95da51292b14d7cc28884770f393b85c6f419ba3040d45a5d7493cf97c1/h3-4.4.2-cp313-cp313-win_arm64.whl", hash = "sha256:ff52be8019c943cc124f99664c61eb0dddf86f1c35cddce10685d86bc0e609ad", size = 702391 },
    { url = "https://files.pythonhosted.org/packages/4c/d9/0a06b7b907200ef861c809bc5410d5e6d39930f1e95316a3c98ce351a5b5/h3-4.4.2-cp314-cp314-macosx_11_0_arm64.whl", hash = "sha256:4afd9362353852e751029e2f1933af9e0606bd0903f9e48daf35a3ded26251ad", size = 821574 },
    { url = "https://files.pythonhosted.org/packages/1b/20/679efa28e708192bc8bc686b4cb6e7882a2aa8df97e9cce4dac520599bd7/h3-4.4.2-cp314-cp314-manylinux2014_aarch64.manylinux_2_17_aarch64.manylinux_2_28_aarch64.whl", hash = "sha256:f3b09636f08ab5213d703940638eaf58c8d1d8c0d0e13405b72b4d48a3e06c38", size = 979796 },
    { url = "https://files.pythonhosted.org/packages/43/a1/0dc47be62f67e141eb6e12e77aae135414875fea4d3199ec173391a20e85/h3-4.4.2-cp314-cp314-manylinux2014_x86_64.manylinux_2_17_x86_64.manylinux_2_28_x86_64.whl", hash = "sha256:aa8fd684e0e0d367c65d94c33b4bc6653524688ee9d1099a5f92e46c3db4b11e", size = 1018019 },
    { url = "https://files.pythonhosted.org/packages/de/2e/9991a62ce73d2b3d4e00c2097d4985ac7756e18ee9575a19653fdcaef6c3/h3-4.4.2-cp314-cp314-musllinux_1_2_x86_64.whl", hash = "sha256:4298da8334dfd69163d6eb4ae22e95f37dd495dddee116d1d1c964438352257e", size = 1028808 },
    { url = "https://files.pythonhosted.org/packages/17/aa/42ccc99f4d3e3bc032fbfaa04521f8763a247d513e3db577a41cf78a205a/h3-4.4.2-cp314-cp314-win_amd64.whl", hash = "sha256:d05d4e053ea288fc9e5b6eb94980ab980d160cd10db34ff1351e5959b68e7f7a", size = 801916 },
    { url = "https://files.pythonhosted.org/packages/f2/d2/c67f243d5b69dd07a7699ed7443d5baa937c8189da7c564bb372a9f0e86e/h3-4.4.2-cp314-cp314-win_arm64.whl", hash = "sha256:6ad6583420824f62c7dd09388eb7799644518bb79c28e1e5ddcf9583d1e3643e", size = 722749 },
    { url = "https://files.pythonhosted.org/packages/b6/c4/4cff71436168c167af45bc33facc7978b8a205cada5ac32fb957cb6d0757/h3-4.4.2-cp314-cp314t-macosx_11_0_arm64.whl", hash = "sha256:5489c06eb616d28f9905ac23449e807edd0cea280425dcf86641379267006115", size = 862443 },
    { url = "https://files.pythonhosted.org/packages/e5/ba/92020e90aa74a72f51ff684afaaf05be39c1c3674ae98af4078c1e5865cb/h3-4.4.2-cp314-cp314t-manylinux2014_x86_64.manylinux_2_17_x86_64.manylinux_2_28_x86_64.whl", hash = "sha256:0cfadbd484fbe2cd4aca821e516448edc5763edb208d17b9e42dd7b309fbcc5b", size = 989671 },
    { url = "https://files.pythonhosted.org/packages/95/5f/ee7d49f219522a9235152cfd5968c9ca13cb7c15e9b827b39fb7640aed8a/h3-4.4.2-cp314-cp314t-win_amd64.whl", hash = "sha256:7767f82d383f4e605b9e79690ddcfaf6264edbf9046396117fdd7ee74473c839", size = 898314 },
]

[[package]]
name = "iniconfig"
version = "2.3.0"
source = { registry = "https://pypi.org/simple" }
sdist = { url = "https://files.pythonhosted.org/packages/72/34/14ca021ce8e5dfedc35312d08ba8bf51fdd999c576889fc2c24cb97f4f10/iniconfig-2.3.0.tar.gz", hash = "sha256:c76315c77db068650d49c5b56314774a7804df16fee4402c1f19d6d15d8c4730", size = 20503 }
wheels = [
    { url = "https://files.pythonhosted.org/packages/cb/b1/3846dd7f199d53cb17f49cba7e651e9ce294d8497c8c150530ed11865bb8/iniconfig-2.3.0-py3-none-any.whl", hash = "sha256:f631c04d2c48c52b84d0d0549c99ff3859c98df65b3101406327ecc7d53fbf12", size = 7484 },
]

[[package]]
name = "isort"
version = "8.0.1"
source = { registry = "https://pypi.org/simple" }
sdist = { url = "https://files.pythonhosted.org/packages/ef/7c/ec4ab396d31b3b395e2e999c8f46dec78c5e29209fac49d1f4dace04041d/isort-8.0.1.tar.gz", hash = "sha256:171ac4ff559cdc060bcfff550bc8404a486fee0caab245679c2abe7cb253c78d", size = 769592 }
wheels = [
    { url = "https://files.pythonhosted.org/packages/3e/95/c7c34aa53c16353c56d0b802fba48d5f5caa2cdee7958acbcb795c830416/isort-8.0.1-py3-none-any.whl", hash = "sha256:28b89bc70f751b559aeca209e6120393d43fbe2490de0559662be7a9787e3d75", size = 89733 },
]

[[package]]
name = "mccabe"
version = "0.7.0"
source = { registry = "https://pypi.org/simple" }
sdist = { url = "https://files.pythonhosted.org/packages/e7/ff/0ffefdcac38932a54d2b5eed4e0ba8a408f215002cd178ad1df0f2806ff8/mccabe-0.7.0.tar.gz", hash = "sha256:348e0240c33b60bbdf4e523192ef919f28cb2c3d7d5c7794f74009290f236325", size = 9658 }
wheels = [
    { url = "https://files.pythonhosted.org/packages/27/1a/1f68f9ba0c207934b35b86a8ca3aad8395a3d6dd7921c0686e23853ff5a9/mccabe-0.7.0-py2.py3-none-any.whl", hash = "sha256:6c2d30ab6be0e4a46919781807b4f0d834ebdd6c6e3dca0bda5a15f863427b6e", size = 7350 },
]

[[package]]
name = "packaging"
version = "26.2"
source = { registry = "https://pypi.org/simple" }
sdist = { url = "https://files.pythonhosted.org/packages/d7/f1/e7a6dd94a8d4a5626c03e4e99c87f241ba9e350cd9e6d75123f992427270/packaging-26.2.tar.gz", hash = "sha256:ff452ff5a3e828ce110190feff1178bb1f2ea2281fa2075aadb987c2fb221661", size = 228134 }
wheels = [
    { url = "https://files.pythonhosted.org/packages/df/b2/87e62e8c3e2f4b32e5fe99e0b86d576da1312593b39f47d8ceef365e95ed/packaging-26.2-py3-none-any.whl", hash = "sha256:5fc45236b9446107ff2415ce77c807cee2862cb6fac22b8a73826d0693b0980e", size = 100195 },
]

[[package]]
name = "pluggy"
version = "1.6.0"
source = { registry = "https://pypi.org/simple" }
sdist = { url = "https://files.pythonhosted.org/packages/f9/e2/3e91f31a7d2b083fe6ef3fa267035b518369d9511ffab804f839851d2779/pluggy-1.6.0.tar.gz", hash = "sha256:7dcc130b76258d33b90f61b658791dede3486c3e6bfb003ee5c9bfb396dd22f3", size = 69412 }
wheels = [
    { url = "https://files.pythonhosted.org/packages/54/20/4d324d65cc6d9205fabedc306948156824eb9f0ee1633355a8f7ec5c66bf/pluggy-1.6.0-py3-none-any.whl", hash = "sha256:e920276dd6813095e9377c0bc5566d94c932c33b27a3e3945d8389c374dd4746", size = 20538 },
]

[[package]]
name = "pycodestyle"
version = "2.14.0"
source = { registry = "https://pypi.org/simple" }
sdist = { url = "https://files.pythonhosted.org/packages/11/e0/abfd2a0d2efe47670df87f3e3a0e2edda42f055053c85361f19c0e2c1ca8/pycodestyle-2.14.0.tar.gz", hash = "sha256:c4b5b517d278089ff9d0abdec919cd97262a3367449ea1c8b49b91529167b783", size = 39472 }
wheels = [
    { url = "https://files.pythonhosted.org/packages/d7/27/a58ddaf8c588a3ef080db9d0b7e0b97215cee3a45df74f3a94dbbf5c893a/pycodestyle-2.14.0-py2.py3-none-any.whl", hash = "sha256:dd6bf7cb4ee77f8e016f9c8e74a35ddd9f67e1d5fd4184d86c3b98e07099f42d", size = 31594 },
]

[[package]]
name = "pydocstyle"
version = "6.3.0"
source = { registry = "https://pypi.org/simple" }
dependencies = [
    { name = "snowballstemmer" },
]
sdist = { url = "https://files.pythonhosted.org/packages/e9/5c/d5385ca59fd065e3c6a5fe19f9bc9d5ea7f2509fa8c9c22fb6b2031dd953/pydocstyle-6.3.0.tar.gz", hash = "sha256:7ce43f0c0ac87b07494eb9c0b462c0b73e6ff276807f204d6b53edc72b7e44e1", size = 36796 }
wheels = [
    { url = "https://files.pythonhosted.org/packages/36/ea/99ddefac41971acad68f14114f38261c1f27dac0b3ec529824ebc739bdaa/pydocstyle-6.3.0-py3-none-any.whl", hash = "sha256:118762d452a49d6b05e194ef344a55822987a462831ade91ec5c06fd2169d019", size = 38038 },
]

[[package]]
name = "pyflakes"
version = "3.4.0"
source = { registry = "https://pypi.org/simple" }
sdist = { url = "https://files.pythonhosted.org/packages/45/dc/fd034dc20b4b264b3d015808458391acbf9df40b1e54750ef175d39180b1/pyflakes-3.4.0.tar.gz", hash = "sha256:b24f96fafb7d2ab0ec5075b7350b3d2d2218eab42003821c06344973d3ea2f58", size = 64669 }
wheels = [
    { url = "https://files.pythonhosted.org/packages/c2/2f/81d580a0fb83baeb066698975cb14a618bdbed7720678566f1b046a95fe8/pyflakes-3.4.0-py2.py3-none-any.whl", hash = "sha256:f742a7dbd0d9cb9ea41e9a24a918996e8170c799fa528688d40dd582c8265f4f", size = 63551 },
]

[[package]]
name = "pygments"
version = "2.20.0"
source = { registry = "https://pypi.org/simple" }
sdist = { url = "https://files.pythonhosted.org/packages/c3/b2/bc9c9196916376152d655522fdcebac55e66de6603a76a02bca1b6414f6c/pygments-2.20.0.tar.gz", hash = "sha256:6757cd03768053ff99f3039c1a36d6c0aa0b263438fcab17520b30a303a82b5f", size = 4955991 }
wheels = [
    { url = "https://files.pythonhosted.org/packages/f4/7e/a72dd26f3b0f4f2bf1dd8923c85f7ceb43172af56d63c7383eb62b332364/pygments-2.20.0-py3-none-any.whl", hash = "sha256:81a9e26dd42fd28a23a2d169d86d7ac03b46e2f8b59ed4698fb4785f946d0176", size = 1231151 },
]

[[package]]
name = "pytest"
version = "9.0.3"
source = { registry = "https://pypi.org/simple" }
dependencies = [
    { name = "colorama", marker = "sys_platform == 'win32'" },
    { name = "iniconfig" },
    { name = "packaging" },
    { name = "pluggy" },
    { name = "pygments" },
]
sdist = { url = "https://files.pythonhosted.org/packages/7d/0d/549bd94f1a0a402dc8cf64563a117c0f3765662e2e668477624baeec44d5/pytest-9.0.3.tar.gz", hash = "sha256:b86ada508af81d19edeb213c681b1d48246c1a91d304c6c81a427674c17eb91c", size = 1572165 }
wheels = [
    { url = "https://files.pythonhosted.org/packages/d4/24/a372aaf5c9b7208e7112038812994107bc65a84cd00e0354a88c2c77a617/pytest-9.0.3-py3-none-any.whl", hash = "sha256:2c5efc453d45394fdd706ade797c0a81091eccd1d6e4bccfcd476e2b8e0ab5d9", size = 375249 },
]

[[package]]
name = "snowballstemmer"
version = "3.0.1"
source = { registry = "https://pypi.org/simple" }
sdist = { url = "https://files.pythonhosted.org/packages/75/a7/9810d872919697c9d01295633f5d574fb416d47e535f258272ca1f01f447/snowballstemmer-3.0.1.tar.gz", hash = "sha256:6d5eeeec8e9f84d4d56b847692bacf79bc2c8e90c7f80ca4444ff8b6f2e52895", size = 105575 }
wheels = [
    { url = "https://files.pythonhosted.org/packages/c8/78/3565d011c61f5a43488987ee32b6f3f656e7f107ac2782dd57bdd7d91d9a/snowballstemmer-3.0.1-py3-none-any.whl", hash = "sha256:6cd7b3897da8d6c9ffb968a6781fa6532dce9c3618a4b127d920dab764a19064", size = 103274 },
]
